
Microsoft Visual Studio Solution File, Format Version 12.00
# Visual Studio Version 17
VisualStudioVersion = 17.9.34728.123
MinimumVisualStudioVersion = 10.0.40219.1
Project("{FAE04EC0-301F-11D3-BF4B-00C04F79EFBC}") = "Pasta_uygulaması", "Pasta_uygulaması.csproj", "{2A90F39C-B44E-43C7-B9E7-2440B17F5E45}"
EndProject
Global
	GlobalSection(SolutionConfigurationPlatforms) = preSolution
		Debug|Any CPU = Debug|Any CPU
		Release|Any CPU = Release|Any CPU
	EndGlobalSection
	GlobalSection(ProjectConfigurationPlatforms) = postSolution
		{2A90F39C-B44E-43C7-B9E7-2440B17F5E45}.Debug|Any CPU.ActiveCfg = Debug|Any CPU
		{2A90F39C-B44E-43C7-B9E7-2440B17F5E45}.Debug|Any CPU.Build.0 = Debug|Any CPU
		{2A90F39C-B44E-43C7-B9E7-2440B17F5E45}.Release|Any CPU.ActiveCfg = Release|Any CPU
		{2A90F39C-B44E-43C7-B9E7-2440B17F5E45}.Release|Any CPU.Build.0 = Release|Any CPU
	EndGlobalSection
	GlobalSection(SolutionProperties) = preSolution
		HideSolutionNode = FALSE
	EndGlobalSection
	GlobalSection(ExtensibilityGlobals) = postSolution
		SolutionGuid = {E96B2E0B-1A4E-4CB4-A886-950BDD18902B}
	EndGlobalSection
EndGlobal
